// !$*UTF8*$!
{
	archiveVersion = 1;
	classes = {
	};
	objectVersion = 56;
	objects = {

/* Begin PBXBuildFile section */
		BE50ECA32BD71C930096F53E /* SampleDetailSceneIntent.swift in Sources */ = {isa = PBXBuildFile; fileRef = BE50ECA02BD71C930096F53E /* SampleDetailSceneIntent.swift */; };
		BE50ECA42BD71C930096F53E /* SampleDetailSceneView.swift in Sources */ = {isa = PBXBuildFile; fileRef = BE50ECA12BD71C930096F53E /* SampleDetailSceneView.swift */; };
		BE50ECA52BD71C930096F53E /* SampleDetailSceneModel.swift in Sources */ = {isa = PBXBuildFile; fileRef = BE50ECA22BD71C930096F53E /* SampleDetailSceneModel.swift */; };
		BE50ECAD2BD81A420096F53E /* SampleAnotherIntent.swift in Sources */ = {isa = PBXBuildFile; fileRef = BE50ECA82BD81A420096F53E /* SampleAnotherIntent.swift */; };
		BE50ECAE2BD81A420096F53E /* SampleAnotherRouter.swift in Sources */ = {isa = PBXBuildFile; fileRef = BE50ECA92BD81A420096F53E /* SampleAnotherRouter.swift */; };
		BE50ECAF2BD81A420096F53E /* SampleAnotherView.swift in Sources */ = {isa = PBXBuildFile; fileRef = BE50ECAA2BD81A420096F53E /* SampleAnotherView.swift */; };
		BE50ECB02BD81A420096F53E /* SampleAnotherDestinationModifier.swift in Sources */ = {isa = PBXBuildFile; fileRef = BE50ECAB2BD81A420096F53E /* SampleAnotherDestinationModifier.swift */; };
		BE50ECB12BD81A420096F53E /* SampleAnotherModel.swift in Sources */ = {isa = PBXBuildFile; fileRef = BE50ECAC2BD81A420096F53E /* SampleAnotherModel.swift */; };
		BE50ECB72BD82A690096F53E /* AnotherDetailIntent.swift in Sources */ = {isa = PBXBuildFile; fileRef = BE50ECB42BD82A690096F53E /* AnotherDetailIntent.swift */; };
		BE50ECB82BD82A690096F53E /* AnotherDetailView.swift in Sources */ = {isa = PBXBuildFile; fileRef = BE50ECB52BD82A690096F53E /* AnotherDetailView.swift */; };
		BE50ECB92BD82A690096F53E /* AnotherDetailModel.swift in Sources */ = {isa = PBXBuildFile; fileRef = BE50ECB62BD82A690096F53E /* AnotherDetailModel.swift */; };
		F657134C2BD5AE8E004F8D3B /* MVISampleApp.swift in Sources */ = {isa = PBXBuildFile; fileRef = F657134B2BD5AE8E004F8D3B /* MVISampleApp.swift */; };
		F657134E2BD5AE8E004F8D3B /* ContentView.swift in Sources */ = {isa = PBXBuildFile; fileRef = F657134D2BD5AE8E004F8D3B /* ContentView.swift */; };
		F65713502BD5AE92004F8D3B /* Assets.xcassets in Resources */ = {isa = PBXBuildFile; fileRef = F657134F2BD5AE92004F8D3B /* Assets.xcassets */; };
		F65713532BD5AE92004F8D3B /* Preview Assets.xcassets in Resources */ = {isa = PBXBuildFile; fileRef = F65713522BD5AE92004F8D3B /* Preview Assets.xcassets */; };
		F657135D2BD5AE92004F8D3B /* MVISampleTests.swift in Sources */ = {isa = PBXBuildFile; fileRef = F657135C2BD5AE92004F8D3B /* MVISampleTests.swift */; };
		F65713672BD5AE92004F8D3B /* MVISampleUITests.swift in Sources */ = {isa = PBXBuildFile; fileRef = F65713662BD5AE92004F8D3B /* MVISampleUITests.swift */; };
		F65713692BD5AE92004F8D3B /* MVISampleUITestsLaunchTests.swift in Sources */ = {isa = PBXBuildFile; fileRef = F65713682BD5AE92004F8D3B /* MVISampleUITestsLaunchTests.swift */; };
		F657137B2BD5AF26004F8D3B /* SampleIntent.swift in Sources */ = {isa = PBXBuildFile; fileRef = F65713762BD5AF25004F8D3B /* SampleIntent.swift */; };
		F657137C2BD5AF26004F8D3B /* SampleRouter.swift in Sources */ = {isa = PBXBuildFile; fileRef = F65713772BD5AF25004F8D3B /* SampleRouter.swift */; };
		F657137D2BD5AF26004F8D3B /* SampleView.swift in Sources */ = {isa = PBXBuildFile; fileRef = F65713782BD5AF25004F8D3B /* SampleView.swift */; };
		F657137E2BD5AF26004F8D3B /* SampleDestinationModifier.swift in Sources */ = {isa = PBXBuildFile; fileRef = F65713792BD5AF26004F8D3B /* SampleDestinationModifier.swift */; };
		F657137F2BD5AF26004F8D3B /* SampleModel.swift in Sources */ = {isa = PBXBuildFile; fileRef = F657137A2BD5AF26004F8D3B /* SampleModel.swift */; };
		F65713822BD5AF56004F8D3B /* SceneRouter.swift in Sources */ = {isa = PBXBuildFile; fileRef = F65713802BD5AF56004F8D3B /* SceneRouter.swift */; };
		F65713832BD5AF56004F8D3B /* SceneNavigationHandler.swift in Sources */ = {isa = PBXBuildFile; fileRef = F65713812BD5AF56004F8D3B /* SceneNavigationHandler.swift */; };
		F65713852BD5AFC5004F8D3B /* MVIContainer.swift in Sources */ = {isa = PBXBuildFile; fileRef = F65713842BD5AFC5004F8D3B /* MVIContainer.swift */; };
		F69F69442BDF0E64000D02F5 /* SampleContainer.swift in Sources */ = {isa = PBXBuildFile; fileRef = F69F69432BDF0E64000D02F5 /* SampleContainer.swift */; };
		F69F69472BDF0F08000D02F5 /* Sample.swift in Sources */ = {isa = PBXBuildFile; fileRef = F69F69462BDF0F08000D02F5 /* Sample.swift */; };
		F69F694A2BDF1970000D02F5 /* Extensions.swift in Sources */ = {isa = PBXBuildFile; fileRef = F69F69492BDF1970000D02F5 /* Extensions.swift */; };
		F6FF67FE2BD5D76400A2BCA6 /* Comic.swift in Sources */ = {isa = PBXBuildFile; fileRef = F6FF67FD2BD5D76400A2BCA6 /* Comic.swift */; };
		F6FF68002BD5D78300A2BCA6 /* WebService.swift in Sources */ = {isa = PBXBuildFile; fileRef = F6FF67FF2BD5D78300A2BCA6 /* WebService.swift */; };
		F6FF68022BD5DDF600A2BCA6 /* Supporting.swift in Sources */ = {isa = PBXBuildFile; fileRef = F6FF68012BD5DDF600A2BCA6 /* Supporting.swift */; };
		F6FF68042BD606C800A2BCA6 /* SampleSceneRouter.swift in Sources */ = {isa = PBXBuildFile; fileRef = F6FF68032BD606C800A2BCA6 /* SampleSceneRouter.swift */; };
/* End PBXBuildFile section */

/* Begin PBXContainerItemProxy section */
		F65713592BD5AE92004F8D3B /* PBXContainerItemProxy */ = {
			isa = PBXContainerItemProxy;
			containerPortal = F65713402BD5AE8E004F8D3B /* Project object */;
			proxyType = 1;
			remoteGlobalIDString = F65713472BD5AE8E004F8D3B;
			remoteInfo = MVISample;
		};
		F65713632BD5AE92004F8D3B /* PBXContainerItemProxy */ = {
			isa = PBXContainerItemProxy;
			containerPortal = F65713402BD5AE8E004F8D3B /* Project object */;
			proxyType = 1;
			remoteGlobalIDString = F65713472BD5AE8E004F8D3B;
			remoteInfo = MVISample;
		};
/* End PBXContainerItemProxy section */

/* Begin PBXFileReference section */
		BE50EC9C2BD713C80096F53E /* Info.plist */ = {isa = PBXFileReference; lastKnownFileType = text.plist; path = Info.plist; sourceTree = "<group>"; };
		BE50ECA02BD71C930096F53E /* SampleDetailSceneIntent.swift */ = {isa = PBXFileReference; lastKnownFileType = sourcecode.swift; path = SampleDetailSceneIntent.swift; sourceTree = "<group>"; };
		BE50ECA12BD71C930096F53E /* SampleDetailSceneView.swift */ = {isa = PBXFileReference; lastKnownFileType = sourcecode.swift; path = SampleDetailSceneView.swift; sourceTree = "<group>"; };
		BE50ECA22BD71C930096F53E /* SampleDetailSceneModel.swift */ = {isa = PBXFileReference; lastKnownFileType = sourcecode.swift; path = SampleDetailSceneModel.swift; sourceTree = "<group>"; };
		BE50ECA82BD81A420096F53E /* SampleAnotherIntent.swift */ = {isa = PBXFileReference; lastKnownFileType = sourcecode.swift; path = SampleAnotherIntent.swift; sourceTree = "<group>"; };
		BE50ECA92BD81A420096F53E /* SampleAnotherRouter.swift */ = {isa = PBXFileReference; lastKnownFileType = sourcecode.swift; path = SampleAnotherRouter.swift; sourceTree = "<group>"; };
		BE50ECAA2BD81A420096F53E /* SampleAnotherView.swift */ = {isa = PBXFileReference; lastKnownFileType = sourcecode.swift; path = SampleAnotherView.swift; sourceTree = "<group>"; };
		BE50ECAB2BD81A420096F53E /* SampleAnotherDestinationModifier.swift */ = {isa = PBXFileReference; lastKnownFileType = sourcecode.swift; path = SampleAnotherDestinationModifier.swift; sourceTree = "<group>"; };
		BE50ECAC2BD81A420096F53E /* SampleAnotherModel.swift */ = {isa = PBXFileReference; lastKnownFileType = sourcecode.swift; path = SampleAnotherModel.swift; sourceTree = "<group>"; };
		BE50ECB42BD82A690096F53E /* AnotherDetailIntent.swift */ = {isa = PBXFileReference; lastKnownFileType = sourcecode.swift; path = AnotherDetailIntent.swift; sourceTree = "<group>"; };
		BE50ECB52BD82A690096F53E /* AnotherDetailView.swift */ = {isa = PBXFileReference; lastKnownFileType = sourcecode.swift; path = AnotherDetailView.swift; sourceTree = "<group>"; };
		BE50ECB62BD82A690096F53E /* AnotherDetailModel.swift */ = {isa = PBXFileReference; lastKnownFileType = sourcecode.swift; path = AnotherDetailModel.swift; sourceTree = "<group>"; };
		F65713482BD5AE8E004F8D3B /* MVISample.app */ = {isa = PBXFileReference; explicitFileType = wrapper.application; includeInIndex = 0; path = MVISample.app; sourceTree = BUILT_PRODUCTS_DIR; };
		F657134B2BD5AE8E004F8D3B /* MVISampleApp.swift */ = {isa = PBXFileReference; lastKnownFileType = sourcecode.swift; path = MVISampleApp.swift; sourceTree = "<group>"; };
		F657134D2BD5AE8E004F8D3B /* ContentView.swift */ = {isa = PBXFileReference; lastKnownFileType = sourcecode.swift; path = ContentView.swift; sourceTree = "<group>"; };
		F657134F2BD5AE92004F8D3B /* Assets.xcassets */ = {isa = PBXFileReference; lastKnownFileType = folder.assetcatalog; path = Assets.xcassets; sourceTree = "<group>"; };
		F65713522BD5AE92004F8D3B /* Preview Assets.xcassets */ = {isa = PBXFileReference; lastKnownFileType = folder.assetcatalog; path = "Preview Assets.xcassets"; sourceTree = "<group>"; };
		F65713582BD5AE92004F8D3B /* MVISampleTests.xctest */ = {isa = PBXFileReference; explicitFileType = wrapper.cfbundle; includeInIndex = 0; path = MVISampleTests.xctest; sourceTree = BUILT_PRODUCTS_DIR; };
		F657135C2BD5AE92004F8D3B /* MVISampleTests.swift */ = {isa = PBXFileReference; lastKnownFileType = sourcecode.swift; path = MVISampleTests.swift; sourceTree = "<group>"; };
		F65713622BD5AE92004F8D3B /* MVISampleUITests.xctest */ = {isa = PBXFileReference; explicitFileType = wrapper.cfbundle; includeInIndex = 0; path = MVISampleUITests.xctest; sourceTree = BUILT_PRODUCTS_DIR; };
		F65713662BD5AE92004F8D3B /* MVISampleUITests.swift */ = {isa = PBXFileReference; lastKnownFileType = sourcecode.swift; path = MVISampleUITests.swift; sourceTree = "<group>"; };
		F65713682BD5AE92004F8D3B /* MVISampleUITestsLaunchTests.swift */ = {isa = PBXFileReference; lastKnownFileType = sourcecode.swift; path = MVISampleUITestsLaunchTests.swift; sourceTree = "<group>"; };
		F65713762BD5AF25004F8D3B /* SampleIntent.swift */ = {isa = PBXFileReference; lastKnownFileType = sourcecode.swift; path = SampleIntent.swift; sourceTree = "<group>"; };
		F65713772BD5AF25004F8D3B /* SampleRouter.swift */ = {isa = PBXFileReference; lastKnownFileType = sourcecode.swift; path = SampleRouter.swift; sourceTree = "<group>"; };
		F65713782BD5AF25004F8D3B /* SampleView.swift */ = {isa = PBXFileReference; lastKnownFileType = sourcecode.swift; path = SampleView.swift; sourceTree = "<group>"; };
		F65713792BD5AF26004F8D3B /* SampleDestinationModifier.swift */ = {isa = PBXFileReference; lastKnownFileType = sourcecode.swift; path = SampleDestinationModifier.swift; sourceTree = "<group>"; };
		F657137A2BD5AF26004F8D3B /* SampleModel.swift */ = {isa = PBXFileReference; lastKnownFileType = sourcecode.swift; path = SampleModel.swift; sourceTree = "<group>"; };
		F65713802BD5AF56004F8D3B /* SceneRouter.swift */ = {isa = PBXFileReference; lastKnownFileType = sourcecode.swift; path = SceneRouter.swift; sourceTree = "<group>"; };
		F65713812BD5AF56004F8D3B /* SceneNavigationHandler.swift */ = {isa = PBXFileReference; lastKnownFileType = sourcecode.swift; path = SceneNavigationHandler.swift; sourceTree = "<group>"; };
		F65713842BD5AFC5004F8D3B /* MVIContainer.swift */ = {isa = PBXFileReference; lastKnownFileType = sourcecode.swift; path = MVIContainer.swift; sourceTree = "<group>"; };
		F69F69432BDF0E64000D02F5 /* SampleContainer.swift */ = {isa = PBXFileReference; lastKnownFileType = sourcecode.swift; path = SampleContainer.swift; sourceTree = "<group>"; };
		F69F69462BDF0F08000D02F5 /* Sample.swift */ = {isa = PBXFileReference; lastKnownFileType = sourcecode.swift; path = Sample.swift; sourceTree = "<group>"; };
		F69F69492BDF1970000D02F5 /* Extensions.swift */ = {isa = PBXFileReference; lastKnownFileType = sourcecode.swift; path = Extensions.swift; sourceTree = "<group>"; };
		F6FF67FD2BD5D76400A2BCA6 /* Comic.swift */ = {isa = PBXFileReference; lastKnownFileType = sourcecode.swift; path = Comic.swift; sourceTree = "<group>"; };
		F6FF67FF2BD5D78300A2BCA6 /* WebService.swift */ = {isa = PBXFileReference; lastKnownFileType = sourcecode.swift; path = WebService.swift; sourceTree = "<group>"; };
		F6FF68012BD5DDF600A2BCA6 /* Supporting.swift */ = {isa = PBXFileReference; lastKnownFileType = sourcecode.swift; path = Supporting.swift; sourceTree = "<group>"; };
		F6FF68032BD606C800A2BCA6 /* SampleSceneRouter.swift */ = {isa = PBXFileReference; lastKnownFileType = sourcecode.swift; path = SampleSceneRouter.swift; sourceTree = "<group>"; };
/* End PBXFileReference section */

/* Begin PBXFrameworksBuildPhase section */
		F65713452BD5AE8E004F8D3B /* Frameworks */ = {
			isa = PBXFrameworksBuildPhase;
			buildActionMask = 2147483647;
			files = (
			);
			runOnlyForDeploymentPostprocessing = 0;
		};
		F65713552BD5AE92004F8D3B /* Frameworks */ = {
			isa = PBXFrameworksBuildPhase;
			buildActionMask = 2147483647;
			files = (
			);
			runOnlyForDeploymentPostprocessing = 0;
		};
		F657135F2BD5AE92004F8D3B /* Frameworks */ = {
			isa = PBXFrameworksBuildPhase;
			buildActionMask = 2147483647;
			files = (
			);
			runOnlyForDeploymentPostprocessing = 0;
		};
/* End PBXFrameworksBuildPhase section */

/* Begin PBXGroup section */
		BE50EC9D2BD717290096F53E /* SampleScene */ = {
			isa = PBXGroup;
			children = (
				BE50ECA62BD807980096F53E /* SceneRouter */,
				F65713762BD5AF25004F8D3B /* SampleIntent.swift */,
				F65713782BD5AF25004F8D3B /* SampleView.swift */,
				F657137A2BD5AF26004F8D3B /* SampleModel.swift */,
			);
			path = SampleScene;
			sourceTree = "<group>";
		};
		BE50EC9E2BD717580096F53E /* General */ = {
			isa = PBXGroup;
			children = (
				F65713802BD5AF56004F8D3B /* SceneRouter.swift */,
				F65713812BD5AF56004F8D3B /* SceneNavigationHandler.swift */,
				F65713842BD5AFC5004F8D3B /* MVIContainer.swift */,
			);
			path = General;
			sourceTree = "<group>";
		};
		BE50EC9F2BD717860096F53E /* SampleDetailScene */ = {
			isa = PBXGroup;
			children = (
				BE50ECA02BD71C930096F53E /* SampleDetailSceneIntent.swift */,
				BE50ECA12BD71C930096F53E /* SampleDetailSceneView.swift */,
				BE50ECA22BD71C930096F53E /* SampleDetailSceneModel.swift */,
			);
			path = SampleDetailScene;
			sourceTree = "<group>";
		};
		BE50ECA62BD807980096F53E /* SceneRouter */ = {
			isa = PBXGroup;
			children = (
				F65713772BD5AF25004F8D3B /* SampleRouter.swift */,
				F65713792BD5AF26004F8D3B /* SampleDestinationModifier.swift */,
				F6FF68032BD606C800A2BCA6 /* SampleSceneRouter.swift */,
			);
			path = SceneRouter;
			sourceTree = "<group>";
		};
		BE50ECA72BD81A020096F53E /* SampleAnotherScene */ = {
			isa = PBXGroup;
			children = (
				BE50ECB22BD829900096F53E /* SceneRouter */,
				BE50ECA82BD81A420096F53E /* SampleAnotherIntent.swift */,
				BE50ECAA2BD81A420096F53E /* SampleAnotherView.swift */,
				BE50ECAC2BD81A420096F53E /* SampleAnotherModel.swift */,
			);
			path = SampleAnotherScene;
			sourceTree = "<group>";
		};
		BE50ECB22BD829900096F53E /* SceneRouter */ = {
			isa = PBXGroup;
			children = (
				BE50ECA92BD81A420096F53E /* SampleAnotherRouter.swift */,
				BE50ECAB2BD81A420096F53E /* SampleAnotherDestinationModifier.swift */,
			);
			path = SceneRouter;
			sourceTree = "<group>";
		};
		BE50ECB32BD82A3A0096F53E /* SampleAnotherDetailScene */ = {
			isa = PBXGroup;
			children = (
				BE50ECB42BD82A690096F53E /* AnotherDetailIntent.swift */,
				BE50ECB52BD82A690096F53E /* AnotherDetailView.swift */,
				BE50ECB62BD82A690096F53E /* AnotherDetailModel.swift */,
			);
			path = SampleAnotherDetailScene;
			sourceTree = "<group>";
		};
		F657133F2BD5AE8E004F8D3B = {
			isa = PBXGroup;
			children = (
				F657134A2BD5AE8E004F8D3B /* MVISample */,
				F657135B2BD5AE92004F8D3B /* MVISampleTests */,
				F65713652BD5AE92004F8D3B /* MVISampleUITests */,
				F65713492BD5AE8E004F8D3B /* Products */,
			);
			sourceTree = "<group>";
		};
		F65713492BD5AE8E004F8D3B /* Products */ = {
			isa = PBXGroup;
			children = (
				F65713482BD5AE8E004F8D3B /* MVISample.app */,
				F65713582BD5AE92004F8D3B /* MVISampleTests.xctest */,
				F65713622BD5AE92004F8D3B /* MVISampleUITests.xctest */,
			);
			name = Products;
			sourceTree = "<group>";
		};
		F657134A2BD5AE8E004F8D3B /* MVISample */ = {
			isa = PBXGroup;
			children = (
				F69F69482BDF195B000D02F5 /* Extensions */,
				F69F69422BDF0E34000D02F5 /* Persistance */,
				BE50EC9E2BD717580096F53E /* General */,
				BE50EC9C2BD713C80096F53E /* Info.plist */,
				F6FF67FB2BD5D01B00A2BCA6 /* WebServices */,
				F65713752BD5AF04004F8D3B /* Scenes */,
				F657134B2BD5AE8E004F8D3B /* MVISampleApp.swift */,
				F657134D2BD5AE8E004F8D3B /* ContentView.swift */,
				F657134F2BD5AE92004F8D3B /* Assets.xcassets */,
				F65713512BD5AE92004F8D3B /* Preview Content */,
			);
			path = MVISample;
			sourceTree = "<group>";
		};
		F65713512BD5AE92004F8D3B /* Preview Content */ = {
			isa = PBXGroup;
			children = (
				F65713522BD5AE92004F8D3B /* Preview Assets.xcassets */,
			);
			path = "Preview Content";
			sourceTree = "<group>";
		};
		F657135B2BD5AE92004F8D3B /* MVISampleTests */ = {
			isa = PBXGroup;
			children = (
				F657135C2BD5AE92004F8D3B /* MVISampleTests.swift */,
			);
			path = MVISampleTests;
			sourceTree = "<group>";
		};
		F65713652BD5AE92004F8D3B /* MVISampleUITests */ = {
			isa = PBXGroup;
			children = (
				F65713662BD5AE92004F8D3B /* MVISampleUITests.swift */,
				F65713682BD5AE92004F8D3B /* MVISampleUITestsLaunchTests.swift */,
			);
			path = MVISampleUITests;
			sourceTree = "<group>";
		};
		F65713752BD5AF04004F8D3B /* Scenes */ = {
			isa = PBXGroup;
			children = (
				BE50ECB32BD82A3A0096F53E /* SampleAnotherDetailScene */,
				BE50ECA72BD81A020096F53E /* SampleAnotherScene */,
				BE50EC9F2BD717860096F53E /* SampleDetailScene */,
				BE50EC9D2BD717290096F53E /* SampleScene */,
			);
			path = Scenes;
			sourceTree = "<group>";
		};
		F69F69422BDF0E34000D02F5 /* Persistance */ = {
			isa = PBXGroup;
			children = (
				F69F69452BDF0EE3000D02F5 /* Models */,
				F69F69432BDF0E64000D02F5 /* SampleContainer.swift */,
			);
			path = Persistance;
			sourceTree = "<group>";
		};
		F69F69452BDF0EE3000D02F5 /* Models */ = {
			isa = PBXGroup;
			children = (
				F69F69462BDF0F08000D02F5 /* Sample.swift */,
			);
			path = Models;
			sourceTree = "<group>";
		};
		F69F69482BDF195B000D02F5 /* Extensions */ = {
			isa = PBXGroup;
			children = (
				F69F69492BDF1970000D02F5 /* Extensions.swift */,
			);
			path = Extensions;
			sourceTree = "<group>";
		};
		F6FF67FB2BD5D01B00A2BCA6 /* WebServices */ = {
			isa = PBXGroup;
			children = (
				F6FF67FC2BD5D75300A2BCA6 /* Model */,
				F6FF67FF2BD5D78300A2BCA6 /* WebService.swift */,
				F6FF68012BD5DDF600A2BCA6 /* Supporting.swift */,
			);
			path = WebServices;
			sourceTree = "<group>";
		};
		F6FF67FC2BD5D75300A2BCA6 /* Model */ = {
			isa = PBXGroup;
			children = (
				F6FF67FD2BD5D76400A2BCA6 /* Comic.swift */,
			);
			path = Model;
			sourceTree = "<group>";
		};
/* End PBXGroup section */

/* Begin PBXNativeTarget section */
		F65713472BD5AE8E004F8D3B /* MVISample */ = {
			isa = PBXNativeTarget;
			buildConfigurationList = F657136C2BD5AE92004F8D3B /* Build configuration list for PBXNativeTarget "MVISample" */;
			buildPhases = (
				F65713442BD5AE8E004F8D3B /* Sources */,
				F65713452BD5AE8E004F8D3B /* Frameworks */,
				F65713462BD5AE8E004F8D3B /* Resources */,
			);
			buildRules = (
			);
			dependencies = (
			);
			name = MVISample;
			productName = MVISample;
			productReference = F65713482BD5AE8E004F8D3B /* MVISample.app */;
			productType = "com.apple.product-type.application";
		};
		F65713572BD5AE92004F8D3B /* MVISampleTests */ = {
			isa = PBXNativeTarget;
			buildConfigurationList = F657136F2BD5AE92004F8D3B /* Build configuration list for PBXNativeTarget "MVISampleTests" */;
			buildPhases = (
				F65713542BD5AE92004F8D3B /* Sources */,
				F65713552BD5AE92004F8D3B /* Frameworks */,
				F65713562BD5AE92004F8D3B /* Resources */,
			);
			buildRules = (
			);
			dependencies = (
				F657135A2BD5AE92004F8D3B /* PBXTargetDependency */,
			);
			name = MVISampleTests;
			productName = MVISampleTests;
			productReference = F65713582BD5AE92004F8D3B /* MVISampleTests.xctest */;
			productType = "com.apple.product-type.bundle.unit-test";
		};
		F65713612BD5AE92004F8D3B /* MVISampleUITests */ = {
			isa = PBXNativeTarget;
			buildConfigurationList = F65713722BD5AE92004F8D3B /* Build configuration list for PBXNativeTarget "MVISampleUITests" */;
			buildPhases = (
				F657135E2BD5AE92004F8D3B /* Sources */,
				F657135F2BD5AE92004F8D3B /* Frameworks */,
				F65713602BD5AE92004F8D3B /* Resources */,
			);
			buildRules = (
			);
			dependencies = (
				F65713642BD5AE92004F8D3B /* PBXTargetDependency */,
			);
			name = MVISampleUITests;
			productName = MVISampleUITests;
			productReference = F65713622BD5AE92004F8D3B /* MVISampleUITests.xctest */;
			productType = "com.apple.product-type.bundle.ui-testing";
		};
/* End PBXNativeTarget section */

/* Begin PBXProject section */
		F65713402BD5AE8E004F8D3B /* Project object */ = {
			isa = PBXProject;
			attributes = {
				BuildIndependentTargetsInParallel = 1;
				LastSwiftUpdateCheck = 1520;
				LastUpgradeCheck = 1520;
				TargetAttributes = {
					F65713472BD5AE8E004F8D3B = {
						CreatedOnToolsVersion = 15.2;
					};
					F65713572BD5AE92004F8D3B = {
						CreatedOnToolsVersion = 15.2;
						TestTargetID = F65713472BD5AE8E004F8D3B;
					};
					F65713612BD5AE92004F8D3B = {
						CreatedOnToolsVersion = 15.2;
						TestTargetID = F65713472BD5AE8E004F8D3B;
					};
				};
			};
			buildConfigurationList = F65713432BD5AE8E004F8D3B /* Build configuration list for PBXProject "MVISample" */;
			compatibilityVersion = "Xcode 14.0";
			developmentRegion = en;
			hasScannedForEncodings = 0;
			knownRegions = (
				en,
				Base,
			);
			mainGroup = F657133F2BD5AE8E004F8D3B;
			productRefGroup = F65713492BD5AE8E004F8D3B /* Products */;
			projectDirPath = "";
			projectRoot = "";
			targets = (
				F65713472BD5AE8E004F8D3B /* MVISample */,
				F65713572BD5AE92004F8D3B /* MVISampleTests */,
				F65713612BD5AE92004F8D3B /* MVISampleUITests */,
			);
		};
/* End PBXProject section */

/* Begin PBXResourcesBuildPhase section */
		F65713462BD5AE8E004F8D3B /* Resources */ = {
			isa = PBXResourcesBuildPhase;
			buildActionMask = 2147483647;
			files = (
				F65713532BD5AE92004F8D3B /* Preview Assets.xcassets in Resources */,
				F65713502BD5AE92004F8D3B /* Assets.xcassets in Resources */,
			);
			runOnlyForDeploymentPostprocessing = 0;
		};
		F65713562BD5AE92004F8D3B /* Resources */ = {
			isa = PBXResourcesBuildPhase;
			buildActionMask = 2147483647;
			files = (
			);
			runOnlyForDeploymentPostprocessing = 0;
		};
		F65713602BD5AE92004F8D3B /* Resources */ = {
			isa = PBXResourcesBuildPhase;
			buildActionMask = 2147483647;
			files = (
			);
			runOnlyForDeploymentPostprocessing = 0;
		};
/* End PBXResourcesBuildPhase section */

/* Begin PBXSourcesBuildPhase section */
		F65713442BD5AE8E004F8D3B /* Sources */ = {
			isa = PBXSourcesBuildPhase;
			buildActionMask = 2147483647;
			files = (
				F657137D2BD5AF26004F8D3B /* SampleView.swift in Sources */,
				F69F69472BDF0F08000D02F5 /* Sample.swift in Sources */,
				BE50ECB92BD82A690096F53E /* AnotherDetailModel.swift in Sources */,
				BE50ECA32BD71C930096F53E /* SampleDetailSceneIntent.swift in Sources */,
				BE50ECA52BD71C930096F53E /* SampleDetailSceneModel.swift in Sources */,
				F6FF68042BD606C800A2BCA6 /* SampleSceneRouter.swift in Sources */,
				BE50ECAE2BD81A420096F53E /* SampleAnotherRouter.swift in Sources */,
				BE50ECB02BD81A420096F53E /* SampleAnotherDestinationModifier.swift in Sources */,
				F69F69442BDF0E64000D02F5 /* SampleContainer.swift in Sources */,
				F657137C2BD5AF26004F8D3B /* SampleRouter.swift in Sources */,
				BE50ECA42BD71C930096F53E /* SampleDetailSceneView.swift in Sources */,
				F657134E2BD5AE8E004F8D3B /* ContentView.swift in Sources */,
				BE50ECB82BD82A690096F53E /* AnotherDetailView.swift in Sources */,
				F65713822BD5AF56004F8D3B /* SceneRouter.swift in Sources */,
				F65713852BD5AFC5004F8D3B /* MVIContainer.swift in Sources */,
				BE50ECB72BD82A690096F53E /* AnotherDetailIntent.swift in Sources */,
				BE50ECB12BD81A420096F53E /* SampleAnotherModel.swift in Sources */,
				BE50ECAD2BD81A420096F53E /* SampleAnotherIntent.swift in Sources */,
				F657137E2BD5AF26004F8D3B /* SampleDestinationModifier.swift in Sources */,
				BE50ECAF2BD81A420096F53E /* SampleAnotherView.swift in Sources */,
				F6FF68002BD5D78300A2BCA6 /* WebService.swift in Sources */,
				F6FF68022BD5DDF600A2BCA6 /* Supporting.swift in Sources */,
				F69F694A2BDF1970000D02F5 /* Extensions.swift in Sources */,
				F65713832BD5AF56004F8D3B /* SceneNavigationHandler.swift in Sources */,
				F6FF67FE2BD5D76400A2BCA6 /* Comic.swift in Sources */,
				F657134C2BD5AE8E004F8D3B /* MVISampleApp.swift in Sources */,
				F657137F2BD5AF26004F8D3B /* SampleModel.swift in Sources */,
				F657137B2BD5AF26004F8D3B /* SampleIntent.swift in Sources */,
			);
			runOnlyForDeploymentPostprocessing = 0;
		};
		F65713542BD5AE92004F8D3B /* Sources */ = {
			isa = PBXSourcesBuildPhase;
			buildActionMask = 2147483647;
			files = (
				F657135D2BD5AE92004F8D3B /* MVISampleTests.swift in Sources */,
			);
			runOnlyForDeploymentPostprocessing = 0;
		};
		F657135E2BD5AE92004F8D3B /* Sources */ = {
			isa = PBXSourcesBuildPhase;
			buildActionMask = 2147483647;
			files = (
				F65713672BD5AE92004F8D3B /* MVISampleUITests.swift in Sources */,
				F65713692BD5AE92004F8D3B /* MVISampleUITestsLaunchTests.swift in Sources */,
			);
			runOnlyForDeploymentPostprocessing = 0;
		};
/* End PBXSourcesBuildPhase section */

/* Begin PBXTargetDependency section */
		F657135A2BD5AE92004F8D3B /* PBXTargetDependency */ = {
			isa = PBXTargetDependency;
			target = F65713472BD5AE8E004F8D3B /* MVISample */;
			targetProxy = F65713592BD5AE92004F8D3B /* PBXContainerItemProxy */;
		};
		F65713642BD5AE92004F8D3B /* PBXTargetDependency */ = {
			isa = PBXTargetDependency;
			target = F65713472BD5AE8E004F8D3B /* MVISample */;
			targetProxy = F65713632BD5AE92004F8D3B /* PBXContainerItemProxy */;
		};
/* End PBXTargetDependency section */

/* Begin XCBuildConfiguration section */
		F657136A2BD5AE92004F8D3B /* Debug */ = {
			isa = XCBuildConfiguration;
			buildSettings = {
				ALWAYS_SEARCH_USER_PATHS = NO;
				ASSETCATALOG_COMPILER_GENERATE_SWIFT_ASSET_SYMBOL_EXTENSIONS = YES;
				CLANG_ANALYZER_NONNULL = YES;
				CLANG_ANALYZER_NUMBER_OBJECT_CONVERSION = YES_AGGRESSIVE;
				CLANG_CXX_LANGUAGE_STANDARD = "gnu++20";
				CLANG_ENABLE_MODULES = YES;
				CLANG_ENABLE_OBJC_ARC = YES;
				CLANG_ENABLE_OBJC_WEAK = YES;
				CLANG_WARN_BLOCK_CAPTURE_AUTORELEASING = YES;
				CLANG_WARN_BOOL_CONVERSION = YES;
				CLANG_WARN_COMMA = YES;
				CLANG_WARN_CONSTANT_CONVERSION = YES;
				CLANG_WARN_DEPRECATED_OBJC_IMPLEMENTATIONS = YES;
				CLANG_WARN_DIRECT_OBJC_ISA_USAGE = YES_ERROR;
				CLANG_WARN_DOCUMENTATION_COMMENTS = YES;
				CLANG_WARN_EMPTY_BODY = YES;
				CLANG_WARN_ENUM_CONVERSION = YES;
				CLANG_WARN_INFINITE_RECURSION = YES;
				CLANG_WARN_INT_CONVERSION = YES;
				CLANG_WARN_NON_LITERAL_NULL_CONVERSION = YES;
				CLANG_WARN_OBJC_IMPLICIT_RETAIN_SELF = YES;
				CLANG_WARN_OBJC_LITERAL_CONVERSION = YES;
				CLANG_WARN_OBJC_ROOT_CLASS = YES_ERROR;
				CLANG_WARN_QUOTED_INCLUDE_IN_FRAMEWORK_HEADER = YES;
				CLANG_WARN_RANGE_LOOP_ANALYSIS = YES;
				CLANG_WARN_STRICT_PROTOTYPES = YES;
				CLANG_WARN_SUSPICIOUS_MOVE = YES;
				CLANG_WARN_UNGUARDED_AVAILABILITY = YES_AGGRESSIVE;
				CLANG_WARN_UNREACHABLE_CODE = YES;
				CLANG_WARN__DUPLICATE_METHOD_MATCH = YES;
				COPY_PHASE_STRIP = NO;
				DEBUG_INFORMATION_FORMAT = dwarf;
				ENABLE_STRICT_OBJC_MSGSEND = YES;
				ENABLE_TESTABILITY = YES;
				ENABLE_USER_SCRIPT_SANDBOXING = YES;
				GCC_C_LANGUAGE_STANDARD = gnu17;
				GCC_DYNAMIC_NO_PIC = NO;
				GCC_NO_COMMON_BLOCKS = YES;
				GCC_OPTIMIZATION_LEVEL = 0;
				GCC_PREPROCESSOR_DEFINITIONS = (
					"DEBUG=1",
					"$(inherited)",
				);
				GCC_WARN_64_TO_32_BIT_CONVERSION = YES;
				GCC_WARN_ABOUT_RETURN_TYPE = YES_ERROR;
				GCC_WARN_UNDECLARED_SELECTOR = YES;
				GCC_WARN_UNINITIALIZED_AUTOS = YES_AGGRESSIVE;
				GCC_WARN_UNUSED_FUNCTION = YES;
				GCC_WARN_UNUSED_VARIABLE = YES;
				IPHONEOS_DEPLOYMENT_TARGET = 17.2;
				LOCALIZATION_PREFERS_STRING_CATALOGS = YES;
				MTL_ENABLE_DEBUG_INFO = INCLUDE_SOURCE;
				MTL_FAST_MATH = YES;
				ONLY_ACTIVE_ARCH = YES;
				SDKROOT = iphoneos;
				SWIFT_ACTIVE_COMPILATION_CONDITIONS = "DEBUG $(inherited)";
				SWIFT_OPTIMIZATION_LEVEL = "-Onone";
			};
			name = Debug;
		};
		F657136B2BD5AE92004F8D3B /* Release */ = {
			isa = XCBuildConfiguration;
			buildSettings = {
				ALWAYS_SEARCH_USER_PATHS = NO;
				ASSETCATALOG_COMPILER_GENERATE_SWIFT_ASSET_SYMBOL_EXTENSIONS = YES;
				CLANG_ANALYZER_NONNULL = YES;
				CLANG_ANALYZER_NUMBER_OBJECT_CONVERSION = YES_AGGRESSIVE;
				CLANG_CXX_LANGUAGE_STANDARD = "gnu++20";
				CLANG_ENABLE_MODULES = YES;
				CLANG_ENABLE_OBJC_ARC = YES;
				CLANG_ENABLE_OBJC_WEAK = YES;
				CLANG_WARN_BLOCK_CAPTURE_AUTORELEASING = YES;
				CLANG_WARN_BOOL_CONVERSION = YES;
				CLANG_WARN_COMMA = YES;
				CLANG_WARN_CONSTANT_CONVERSION = YES;
				CLANG_WARN_DEPRECATED_OBJC_IMPLEMENTATIONS = YES;
				CLANG_WARN_DIRECT_OBJC_ISA_USAGE = YES_ERROR;
				CLANG_WARN_DOCUMENTATION_COMMENTS = YES;
				CLANG_WARN_EMPTY_BODY = YES;
				CLANG_WARN_ENUM_CONVERSION = YES;
				CLANG_WARN_INFINITE_RECURSION = YES;
				CLANG_WARN_INT_CONVERSION = YES;
				CLANG_WARN_NON_LITERAL_NULL_CONVERSION = YES;
				CLANG_WARN_OBJC_IMPLICIT_RETAIN_SELF = YES;
				CLANG_WARN_OBJC_LITERAL_CONVERSION = YES;
				CLANG_WARN_OBJC_ROOT_CLASS = YES_ERROR;
				CLANG_WARN_QUOTED_INCLUDE_IN_FRAMEWORK_HEADER = YES;
				CLANG_WARN_RANGE_LOOP_ANALYSIS = YES;
				CLANG_WARN_STRICT_PROTOTYPES = YES;
				CLANG_WARN_SUSPICIOUS_MOVE = YES;
				CLANG_WARN_UNGUARDED_AVAILABILITY = YES_AGGRESSIVE;
				CLANG_WARN_UNREACHABLE_CODE = YES;
				CLANG_WARN__DUPLICATE_METHOD_MATCH = YES;
				COPY_PHASE_STRIP = NO;
				DEBUG_INFORMATION_FORMAT = "dwarf-with-dsym";
				ENABLE_NS_ASSERTIONS = NO;
				ENABLE_STRICT_OBJC_MSGSEND = YES;
				ENABLE_USER_SCRIPT_SANDBOXING = YES;
				GCC_C_LANGUAGE_STANDARD = gnu17;
				GCC_NO_COMMON_BLOCKS = YES;
				GCC_WARN_64_TO_32_BIT_CONVERSION = YES;
				GCC_WARN_ABOUT_RETURN_TYPE = YES_ERROR;
				GCC_WARN_UNDECLARED_SELECTOR = YES;
				GCC_WARN_UNINITIALIZED_AUTOS = YES_AGGRESSIVE;
				GCC_WARN_UNUSED_FUNCTION = YES;
				GCC_WARN_UNUSED_VARIABLE = YES;
				IPHONEOS_DEPLOYMENT_TARGET = 17.2;
				LOCALIZATION_PREFERS_STRING_CATALOGS = YES;
				MTL_ENABLE_DEBUG_INFO = NO;
				MTL_FAST_MATH = YES;
				SDKROOT = iphoneos;
				SWIFT_COMPILATION_MODE = wholemodule;
				VALIDATE_PRODUCT = YES;
			};
			name = Release;
		};
		F657136D2BD5AE92004F8D3B /* Debug */ = {
			isa = XCBuildConfiguration;
			buildSettings = {
				ASSETCATALOG_COMPILER_APPICON_NAME = AppIcon;
				ASSETCATALOG_COMPILER_GLOBAL_ACCENT_COLOR_NAME = AccentColor;
				CODE_SIGN_STYLE = Automatic;
				CURRENT_PROJECT_VERSION = 1;
				DEVELOPMENT_ASSET_PATHS = "\"MVISample/Preview Content\"";
				DEVELOPMENT_TEAM = 27N722VB5A;
				ENABLE_PREVIEWS = YES;
				GENERATE_INFOPLIST_FILE = YES;
				INFOPLIST_FILE = MVISample/Info.plist;
				INFOPLIST_KEY_UIApplicationSceneManifest_Generation = YES;
				INFOPLIST_KEY_UIApplicationSupportsIndirectInputEvents = YES;
				INFOPLIST_KEY_UILaunchScreen_Generation = YES;
				INFOPLIST_KEY_UISupportedInterfaceOrientations_iPad = "UIInterfaceOrientationPortrait UIInterfaceOrientationPortraitUpsideDown UIInterfaceOrientationLandscapeLeft UIInterfaceOrientationLandscapeRight";
				LD_RUNPATH_SEARCH_PATHS = (
					"$(inherited)",
					"@executable_path/Frameworks",
				);
				MARKETING_VERSION = 1.0;
				PRODUCT_BUNDLE_IDENTIFIER = personal.MVISample;
				PRODUCT_NAME = "$(TARGET_NAME)";
				SWIFT_EMIT_LOC_STRINGS = YES;
				SWIFT_VERSION = 5.0;
				TARGETED_DEVICE_FAMILY = "1,2";
			};
			name = Debug;
		};
		F657136E2BD5AE92004F8D3B /* Release */ = {
			isa = XCBuildConfiguration;
			buildSettings = {
				ASSETCATALOG_COMPILER_APPICON_NAME = AppIcon;
				ASSETCATALOG_COMPILER_GLOBAL_ACCENT_COLOR_NAME = AccentColor;
				CODE_SIGN_STYLE = Automatic;
				CURRENT_PROJECT_VERSION = 1;
				DEVELOPMENT_ASSET_PATHS = "\"MVISample/Preview Content\"";
				DEVELOPMENT_TEAM = 27N722VB5A;
				ENABLE_PREVIEWS = YES;
				GENERATE_INFOPLIST_FILE = YES;
				INFOPLIST_FILE = MVISample/Info.plist;
				INFOPLIST_KEY_UIApplicationSceneManifest_Generation = YES;
				INFOPLIST_KEY_UIApplicationSupportsIndirectInputEvents = YES;
				INFOPLIST_KEY_UILaunchScreen_Generation = YES;
				INFOPLIST_KEY_UISupportedInterfaceOrientations_iPad = "UIInterfaceOrientationPortrait UIInterfaceOrientationPortraitUpsideDown UIInterfaceOrientationLandscapeLeft UIInterfaceOrientationLandscapeRight";
				LD_RUNPATH_SEARCH_PATHS = (
					"$(inherited)",
					"@executable_path/Frameworks",
				);
				MARKETING_VERSION = 1.0;
				PRODUCT_BUNDLE_IDENTIFIER = personal.MVISample;
				PRODUCT_NAME = "$(TARGET_NAME)";
				SWIFT_EMIT_LOC_STRINGS = YES;
				SWIFT_VERSION = 5.0;
				TARGETED_DEVICE_FAMILY = "1,2";
			};
			name = Release;
		};
		F65713702BD5AE92004F8D3B /* Debug */ = {
			isa = XCBuildConfiguration;
			buildSettings = {
				ALWAYS_EMBED_SWIFT_STANDARD_LIBRARIES = YES;
				BUNDLE_LOADER = "$(TEST_HOST)";
				CODE_SIGN_STYLE = Automatic;
				CURRENT_PROJECT_VERSION = 1;
				DEVELOPMENT_TEAM = 27N722VB5A;
				GENERATE_INFOPLIST_FILE = YES;
				IPHONEOS_DEPLOYMENT_TARGET = 17.2;
				MARKETING_VERSION = 1.0;
				PRODUCT_BUNDLE_IDENTIFIER = personal.MVISampleTests;
				PRODUCT_NAME = "$(TARGET_NAME)";
				SWIFT_EMIT_LOC_STRINGS = NO;
				SWIFT_VERSION = 5.0;
				TARGETED_DEVICE_FAMILY = "1,2";
				TEST_HOST = "$(BUILT_PRODUCTS_DIR)/MVISample.app/$(BUNDLE_EXECUTABLE_FOLDER_PATH)/MVISample";
			};
			name = Debug;
		};
		F65713712BD5AE92004F8D3B /* Release */ = {
			isa = XCBuildConfiguration;
			buildSettings = {
				ALWAYS_EMBED_SWIFT_STANDARD_LIBRARIES = YES;
				BUNDLE_LOADER = "$(TEST_HOST)";
				CODE_SIGN_STYLE = Automatic;
				CURRENT_PROJECT_VERSION = 1;
				DEVELOPMENT_TEAM = 27N722VB5A;
				GENERATE_INFOPLIST_FILE = YES;
				IPHONEOS_DEPLOYMENT_TARGET = 17.2;
				MARKETING_VERSION = 1.0;
				PRODUCT_BUNDLE_IDENTIFIER = personal.MVISampleTests;
				PRODUCT_NAME = "$(TARGET_NAME)";
				SWIFT_EMIT_LOC_STRINGS = NO;
				SWIFT_VERSION = 5.0;
				TARGETED_DEVICE_FAMILY = "1,2";
				TEST_HOST = "$(BUILT_PRODUCTS_DIR)/MVISample.app/$(BUNDLE_EXECUTABLE_FOLDER_PATH)/MVISample";
			};
			name = Release;
		};
		F65713732BD5AE92004F8D3B /* Debug */ = {
			isa = XCBuildConfiguration;
			buildSettings = {
				ALWAYS_EMBED_SWIFT_STANDARD_LIBRARIES = YES;
				CODE_SIGN_STYLE = Automatic;
				CURRENT_PROJECT_VERSION = 1;
				DEVELOPMENT_TEAM = 27N722VB5A;
				GENERATE_INFOPLIST_FILE = YES;
				MARKETING_VERSION = 1.0;
				PRODUCT_BUNDLE_IDENTIFIER = personal.MVISampleUITests;
				PRODUCT_NAME = "$(TARGET_NAME)";
				SWIFT_EMIT_LOC_STRINGS = NO;
				SWIFT_VERSION = 5.0;
				TARGETED_DEVICE_FAMILY = "1,2";
				TEST_TARGET_NAME = MVISample;
			};
			name = Debug;
		};
		F65713742BD5AE92004F8D3B /* Release */ = {
			isa = XCBuildConfiguration;
			buildSettings = {
				ALWAYS_EMBED_SWIFT_STANDARD_LIBRARIES = YES;
				CODE_SIGN_STYLE = Automatic;
				CURRENT_PROJECT_VERSION = 1;
				DEVELOPMENT_TEAM = 27N722VB5A;
				GENERATE_INFOPLIST_FILE = YES;
				MARKETING_VERSION = 1.0;
				PRODUCT_BUNDLE_IDENTIFIER = personal.MVISampleUITests;
				PRODUCT_NAME = "$(TARGET_NAME)";
				SWIFT_EMIT_LOC_STRINGS = NO;
				SWIFT_VERSION = 5.0;
				TARGETED_DEVICE_FAMILY = "1,2";
				TEST_TARGET_NAME = MVISample;
			};
			name = Release;
		};
/* End XCBuildConfiguration section */

/* Begin XCConfigurationList section */
		F65713432BD5AE8E004F8D3B /* Build configuration list for PBXProject "MVISample" */ = {
			isa = XCConfigurationList;
			buildConfigurations = (
				F657136A2BD5AE92004F8D3B /* Debug */,
				F657136B2BD5AE92004F8D3B /* Release */,
			);
			defaultConfigurationIsVisible = 0;
			defaultConfigurationName = Release;
		};
		F657136C2BD5AE92004F8D3B /* Build configuration list for PBXNativeTarget "MVISample" */ = {
			isa = XCConfigurationList;
			buildConfigurations = (
				F657136D2BD5AE92004F8D3B /* Debug */,
				F657136E2BD5AE92004F8D3B /* Release */,
			);
			defaultConfigurationIsVisible = 0;
			defaultConfigurationName = Release;
		};
		F657136F2BD5AE92004F8D3B /* Build configuration list for PBXNativeTarget "MVISampleTests" */ = {
			isa = XCConfigurationList;
			buildConfigurations = (
				F65713702BD5AE92004F8D3B /* Debug */,
				F65713712BD5AE92004F8D3B /* Release */,
			);
			defaultConfigurationIsVisible = 0;
			defaultConfigurationName = Release;
		};
		F65713722BD5AE92004F8D3B /* Build configuration list for PBXNativeTarget "MVISampleUITests" */ = {
			isa = XCConfigurationList;
			buildConfigurations = (
				F65713732BD5AE92004F8D3B /* Debug */,
				F65713742BD5AE92004F8D3B /* Release */,
			);
			defaultConfigurationIsVisible = 0;
			defaultConfigurationName = Release;
		};
/* End XCConfigurationList section */
	};
	rootObject = F65713402BD5AE8E004F8D3B /* Project object */;
}
